// !$*UTF8*$!
{
	archiveVersion = 1;
	classes = {
	};
	objectVersion = 46;
	objects = {

/* Begin PBXBuildFile section */
		A32EAA791A09DDA2008DEECE /* BLE.m in Sources */ = {isa = PBXBuildFile; fileRef = A32EAA771A09DDA2008DEECE /* BLE.m */; };
		A332A31D1A2EF8E0006278E1 /* PilotViewController.swift in Sources */ = {isa = PBXBuildFile; fileRef = A332A31C1A2EF8E0006278E1 /* PilotViewController.swift */; };
		A332A31F1A2EFBD3006278E1 /* PilotCell.swift in Sources */ = {isa = PBXBuildFile; fileRef = A332A31E1A2EFBD3006278E1 /* PilotCell.swift */; };
		A332A3211A2EFF43006278E1 /* rbl.png in Resources */ = {isa = PBXBuildFile; fileRef = A332A3201A2EFF43006278E1 /* rbl.png */; };
		A332A3241A2F16DA006278E1 /* Main.storyboard in Resources */ = {isa = PBXBuildFile; fileRef = A332A3221A2F16DA006278E1 /* Main.storyboard */; };
		A37F3A801A08D3A200389812 /* AppDelegate.swift in Sources */ = {isa = PBXBuildFile; fileRef = A37F3A7F1A08D3A200389812 /* AppDelegate.swift */; };
		A37F3A821A08D3A200389812 /* ViewController.swift in Sources */ = {isa = PBXBuildFile; fileRef = A37F3A811A08D3A200389812 /* ViewController.swift */; };
		A37F3A871A08D3A200389812 /* Images.xcassets in Resources */ = {isa = PBXBuildFile; fileRef = A37F3A861A08D3A200389812 /* Images.xcassets */; };
		A37F3A8A1A08D3A200389812 /* LaunchScreen.xib in Resources */ = {isa = PBXBuildFile; fileRef = A37F3A881A08D3A200389812 /* LaunchScreen.xib */; };
		A37F3A961A08D3A200389812 /* RapiroTests.swift in Sources */ = {isa = PBXBuildFile; fileRef = A37F3A951A08D3A200389812 /* RapiroTests.swift */; };
		A3B978D11A0B5CDA00A7F99B /* down.png in Resources */ = {isa = PBXBuildFile; fileRef = A3B978CD1A0B5CDA00A7F99B /* down.png */; };
		A3B978D21A0B5CDA00A7F99B /* forward.png in Resources */ = {isa = PBXBuildFile; fileRef = A3B978CE1A0B5CDA00A7F99B /* forward.png */; };
		A3B978D31A0B5CDA00A7F99B /* left.png in Resources */ = {isa = PBXBuildFile; fileRef = A3B978CF1A0B5CDA00A7F99B /* left.png */; };
		A3B978D41A0B5CDA00A7F99B /* right.png in Resources */ = {isa = PBXBuildFile; fileRef = A3B978D01A0B5CDA00A7F99B /* right.png */; };
		A3B978D61A0B5F9E00A7F99B /* pause.png in Resources */ = {isa = PBXBuildFile; fileRef = A3B978D51A0B5F9E00A7F99B /* pause.png */; };
		A3B978D81A0B608800A7F99B /* logo-small.png in Resources */ = {isa = PBXBuildFile; fileRef = A3B978D71A0B608800A7F99B /* logo-small.png */; };
		A3B978DA1A0B61BB00A7F99B /* rapiro-big.png in Resources */ = {isa = PBXBuildFile; fileRef = A3B978D91A0B61BB00A7F99B /* rapiro-big.png */; };
		A3B978DC1A0B630900A7F99B /* white.png in Resources */ = {isa = PBXBuildFile; fileRef = A3B978DB1A0B630900A7F99B /* white.png */; };
		A3B978DE1A0B661F00A7F99B /* config.png in Resources */ = {isa = PBXBuildFile; fileRef = A3B978DD1A0B661F00A7F99B /* config.png */; };
		A3B978E51A0B6BA700A7F99B /* Localizable.strings in Resources */ = {isa = PBXBuildFile; fileRef = A3B978E71A0B6BA700A7F99B /* Localizable.strings */; };
		A3C026101A319DB900793907 /* RobotDelegate.swift in Sources */ = {isa = PBXBuildFile; fileRef = A3C0260F1A319DB900793907 /* RobotDelegate.swift */; };
/* End PBXBuildFile section */

/* Begin PBXContainerItemProxy section */
		A37F3A901A08D3A200389812 /* PBXContainerItemProxy */ = {
			isa = PBXContainerItemProxy;
			containerPortal = A37F3A721A08D3A200389812 /* Project object */;
			proxyType = 1;
			remoteGlobalIDString = A37F3A791A08D3A200389812;
			remoteInfo = Rapiro;
		};
/* End PBXContainerItemProxy section */

/* Begin PBXFileReference section */
		A32EAA761A09DDA2008DEECE /* BLE.h */ = {isa = PBXFileReference; fileEncoding = 4; lastKnownFileType = sourcecode.c.h; path = BLE.h; sourceTree = "<group>"; };
		A32EAA771A09DDA2008DEECE /* BLE.m */ = {isa = PBXFileReference; fileEncoding = 4; lastKnownFileType = sourcecode.c.objc; path = BLE.m; sourceTree = "<group>"; };
		A32EAA781A09DDA2008DEECE /* BLEDefines.h */ = {isa = PBXFileReference; fileEncoding = 4; lastKnownFileType = sourcecode.c.h; path = BLEDefines.h; sourceTree = "<group>"; };
		A332A31C1A2EF8E0006278E1 /* PilotViewController.swift */ = {isa = PBXFileReference; fileEncoding = 4; lastKnownFileType = sourcecode.swift; path = PilotViewController.swift; sourceTree = "<group>"; };
		A332A31E1A2EFBD3006278E1 /* PilotCell.swift */ = {isa = PBXFileReference; fileEncoding = 4; lastKnownFileType = sourcecode.swift; path = PilotCell.swift; sourceTree = "<group>"; };
		A332A3201A2EFF43006278E1 /* rbl.png */ = {isa = PBXFileReference; lastKnownFileType = image.png; name = rbl.png; path = "../../../Google Drive/blenano/rbl.png"; sourceTree = "<group>"; };
		A332A3231A2F16DA006278E1 /* Base */ = {isa = PBXFileReference; lastKnownFileType = file.storyboard; name = Base; path = Base.lproj/Main.storyboard; sourceTree = "<group>"; };
		A37F3A7A1A08D3A200389812 /* Rapiro.app */ = {isa = PBXFileReference; explicitFileType = wrapper.application; includeInIndex = 0; path = Rapiro.app; sourceTree = BUILT_PRODUCTS_DIR; };
		A37F3A7E1A08D3A200389812 /* Info.plist */ = {isa = PBXFileReference; lastKnownFileType = text.plist.xml; path = Info.plist; sourceTree = "<group>"; };
		A37F3A7F1A08D3A200389812 /* AppDelegate.swift */ = {isa = PBXFileReference; lastKnownFileType = sourcecode.swift; path = AppDelegate.swift; sourceTree = "<group>"; };
		A37F3A811A08D3A200389812 /* ViewController.swift */ = {isa = PBXFileReference; lastKnownFileType = sourcecode.swift; path = ViewController.swift; sourceTree = "<group>"; };
		A37F3A861A08D3A200389812 /* Images.xcassets */ = {isa = PBXFileReference; lastKnownFileType = folder.assetcatalog; path = Images.xcassets; sourceTree = "<group>"; };
		A37F3A891A08D3A200389812 /* Base */ = {isa = PBXFileReference; lastKnownFileType = file.xib; name = Base; path = Base.lproj/LaunchScreen.xib; sourceTree = "<group>"; };
		A37F3A8F1A08D3A200389812 /* RapiroTests.xctest */ = {isa = PBXFileReference; explicitFileType = wrapper.cfbundle; includeInIndex = 0; path = RapiroTests.xctest; sourceTree = BUILT_PRODUCTS_DIR; };
		A37F3A941A08D3A200389812 /* Info.plist */ = {isa = PBXFileReference; lastKnownFileType = text.plist.xml; path = Info.plist; sourceTree = "<group>"; };
		A37F3A951A08D3A200389812 /* RapiroTests.swift */ = {isa = PBXFileReference; lastKnownFileType = sourcecode.swift; path = RapiroTests.swift; sourceTree = "<group>"; };
		A3B8ACDE1A08E21600F94566 /* BLE-Bridging-Header.h */ = {isa = PBXFileReference; fileEncoding = 4; lastKnownFileType = sourcecode.c.h; path = "BLE-Bridging-Header.h"; sourceTree = "<group>"; };
		A3B978CD1A0B5CDA00A7F99B /* down.png */ = {isa = PBXFileReference; lastKnownFileType = image.png; path = down.png; sourceTree = "<group>"; };
		A3B978CE1A0B5CDA00A7F99B /* forward.png */ = {isa = PBXFileReference; lastKnownFileType = image.png; path = forward.png; sourceTree = "<group>"; };
		A3B978CF1A0B5CDA00A7F99B /* left.png */ = {isa = PBXFileReference; lastKnownFileType = image.png; path = left.png; sourceTree = "<group>"; };
		A3B978D01A0B5CDA00A7F99B /* right.png */ = {isa = PBXFileReference; lastKnownFileType = image.png; path = right.png; sourceTree = "<group>"; };
		A3B978D51A0B5F9E00A7F99B /* pause.png */ = {isa = PBXFileReference; lastKnownFileType = image.png; path = pause.png; sourceTree = "<group>"; };
		A3B978D71A0B608800A7F99B /* logo-small.png */ = {isa = PBXFileReference; lastKnownFileType = image.png; path = "logo-small.png"; sourceTree = "<group>"; };
		A3B978D91A0B61BB00A7F99B /* rapiro-big.png */ = {isa = PBXFileReference; lastKnownFileType = image.png; path = "rapiro-big.png"; sourceTree = "<group>"; };
		A3B978DB1A0B630900A7F99B /* white.png */ = {isa = PBXFileReference; lastKnownFileType = image.png; path = white.png; sourceTree = "<group>"; };
		A3B978DD1A0B661F00A7F99B /* config.png */ = {isa = PBXFileReference; lastKnownFileType = image.png; path = config.png; sourceTree = "<group>"; };
		A3B978E61A0B6BA700A7F99B /* en */ = {isa = PBXFileReference; lastKnownFileType = text.plist.strings; name = en; path = en.lproj/Localizable.strings; sourceTree = "<group>"; };
		A3B978E81A0B6BA800A7F99B /* zh-Hant */ = {isa = PBXFileReference; lastKnownFileType = text.plist.strings; name = "zh-Hant"; path = "zh-Hant.lproj/Localizable.strings"; sourceTree = "<group>"; };
		A3B978E91A0B6BA900A7F99B /* ja */ = {isa = PBXFileReference; lastKnownFileType = text.plist.strings; name = ja; path = ja.lproj/Localizable.strings; sourceTree = "<group>"; };
		A3C0260F1A319DB900793907 /* RobotDelegate.swift */ = {isa = PBXFileReference; fileEncoding = 4; lastKnownFileType = sourcecode.swift; path = RobotDelegate.swift; sourceTree = "<group>"; };
/* End PBXFileReference section */

/* Begin PBXFrameworksBuildPhase section */
		A37F3A771A08D3A200389812 /* Frameworks */ = {
			isa = PBXFrameworksBuildPhase;
			buildActionMask = 2147483647;
			files = (
			);
			runOnlyForDeploymentPostprocessing = 0;
		};
		A37F3A8C1A08D3A200389812 /* Frameworks */ = {
			isa = PBXFrameworksBuildPhase;
			buildActionMask = 2147483647;
			files = (
			);
			runOnlyForDeploymentPostprocessing = 0;
		};
/* End PBXFrameworksBuildPhase section */

/* Begin PBXGroup section */
		A32EAA751A09DDA2008DEECE /* BLE */ = {
			isa = PBXGroup;
			children = (
				A32EAA761A09DDA2008DEECE /* BLE.h */,
				A32EAA771A09DDA2008DEECE /* BLE.m */,
				A32EAA781A09DDA2008DEECE /* BLEDefines.h */,
			);
			path = BLE;
			sourceTree = "<group>";
		};
		A37F3A711A08D3A200389812 = {
			isa = PBXGroup;
			children = (
				A37F3A7C1A08D3A200389812 /* Rapiro */,
				A37F3A921A08D3A200389812 /* RapiroTests */,
				A37F3A7B1A08D3A200389812 /* Products */,
			);
			sourceTree = "<group>";
		};
		A37F3A7B1A08D3A200389812 /* Products */ = {
			isa = PBXGroup;
			children = (
				A37F3A7A1A08D3A200389812 /* Rapiro.app */,
				A37F3A8F1A08D3A200389812 /* RapiroTests.xctest */,
			);
			name = Products;
			sourceTree = "<group>";
		};
		A37F3A7C1A08D3A200389812 /* Rapiro */ = {
			isa = PBXGroup;
			children = (
				A332A3221A2F16DA006278E1 /* Main.storyboard */,
				A3B978C81A0B5AF800A7F99B /* images */,
				A32EAA751A09DDA2008DEECE /* BLE */,
				A37F3A7F1A08D3A200389812 /* AppDelegate.swift */,
				A37F3A811A08D3A200389812 /* ViewController.swift */,
				A37F3A861A08D3A200389812 /* Images.xcassets */,
				A37F3A881A08D3A200389812 /* LaunchScreen.xib */,
				A37F3A7D1A08D3A200389812 /* Supporting Files */,
				A3B8ACDE1A08E21600F94566 /* BLE-Bridging-Header.h */,
				A3B978E71A0B6BA700A7F99B /* Localizable.strings */,
				A332A31C1A2EF8E0006278E1 /* PilotViewController.swift */,
				A332A31E1A2EFBD3006278E1 /* PilotCell.swift */,
				A3C0260F1A319DB900793907 /* RobotDelegate.swift */,
			);
			path = Rapiro;
			sourceTree = "<group>";
		};
		A37F3A7D1A08D3A200389812 /* Supporting Files */ = {
			isa = PBXGroup;
			children = (
				A37F3A7E1A08D3A200389812 /* Info.plist */,
			);
			name = "Supporting Files";
			sourceTree = "<group>";
		};
		A37F3A921A08D3A200389812 /* RapiroTests */ = {
			isa = PBXGroup;
			children = (
				A37F3A951A08D3A200389812 /* RapiroTests.swift */,
				A37F3A931A08D3A200389812 /* Supporting Files */,
			);
			path = RapiroTests;
			sourceTree = "<group>";
		};
		A37F3A931A08D3A200389812 /* Supporting Files */ = {
			isa = PBXGroup;
			children = (
				A37F3A941A08D3A200389812 /* Info.plist */,
			);
			name = "Supporting Files";
			sourceTree = "<group>";
		};
		A3B978C81A0B5AF800A7F99B /* images */ = {
			isa = PBXGroup;
			children = (
				A332A3201A2EFF43006278E1 /* rbl.png */,
				A3B978DD1A0B661F00A7F99B /* config.png */,
				A3B978DB1A0B630900A7F99B /* white.png */,
				A3B978D91A0B61BB00A7F99B /* rapiro-big.png */,
				A3B978D71A0B608800A7F99B /* logo-small.png */,
				A3B978D51A0B5F9E00A7F99B /* pause.png */,
				A3B978CD1A0B5CDA00A7F99B /* down.png */,
				A3B978CE1A0B5CDA00A7F99B /* forward.png */,
				A3B978CF1A0B5CDA00A7F99B /* left.png */,
				A3B978D01A0B5CDA00A7F99B /* right.png */,
			);
			name = images;
			sourceTree = "<group>";
		};
/* End PBXGroup section */

/* Begin PBXNativeTarget section */
		A37F3A791A08D3A200389812 /* Rapiro */ = {
			isa = PBXNativeTarget;
			buildConfigurationList = A37F3A991A08D3A200389812 /* Build configuration list for PBXNativeTarget "Rapiro" */;
			buildPhases = (
				A37F3A761A08D3A200389812 /* Sources */,
				A37F3A771A08D3A200389812 /* Frameworks */,
				A37F3A781A08D3A200389812 /* Resources */,
			);
			buildRules = (
			);
			dependencies = (
			);
			name = Rapiro;
			productName = Rapiro;
			productReference = A37F3A7A1A08D3A200389812 /* Rapiro.app */;
			productType = "com.apple.product-type.application";
		};
		A37F3A8E1A08D3A200389812 /* RapiroTests */ = {
			isa = PBXNativeTarget;
			buildConfigurationList = A37F3A9C1A08D3A200389812 /* Build configuration list for PBXNativeTarget "RapiroTests" */;
			buildPhases = (
				A37F3A8B1A08D3A200389812 /* Sources */,
				A37F3A8C1A08D3A200389812 /* Frameworks */,
				A37F3A8D1A08D3A200389812 /* Resources */,
			);
			buildRules = (
			);
			dependencies = (
				A37F3A911A08D3A200389812 /* PBXTargetDependency */,
			);
			name = RapiroTests;
			productName = RapiroTests;
			productReference = A37F3A8F1A08D3A200389812 /* RapiroTests.xctest */;
			productType = "com.apple.product-type.bundle.unit-test";
		};
/* End PBXNativeTarget section */

/* Begin PBXProject section */
		A37F3A721A08D3A200389812 /* Project object */ = {
			isa = PBXProject;
			attributes = {
				LastUpgradeCheck = 0610;
				ORGANIZATIONNAME = khl;
				TargetAttributes = {
					A37F3A791A08D3A200389812 = {
						CreatedOnToolsVersion = 6.1;
						SystemCapabilities = {
							com.apple.BackgroundModes = {
								enabled = 0;
							};
						};
					};
					A37F3A8E1A08D3A200389812 = {
						CreatedOnToolsVersion = 6.1;
						TestTargetID = A37F3A791A08D3A200389812;
					};
				};
			};
			buildConfigurationList = A37F3A751A08D3A200389812 /* Build configuration list for PBXProject "Rapiro" */;
			compatibilityVersion = "Xcode 3.2";
			developmentRegion = English;
			hasScannedForEncodings = 0;
			knownRegions = (
				en,
				Base,
				"zh-Hant",
				ja,
			);
			mainGroup = A37F3A711A08D3A200389812;
			productRefGroup = A37F3A7B1A08D3A200389812 /* Products */;
			projectDirPath = "";
			projectRoot = "";
			targets = (
				A37F3A791A08D3A200389812 /* Rapiro */,
				A37F3A8E1A08D3A200389812 /* RapiroTests */,
			);
		};
/* End PBXProject section */

/* Begin PBXResourcesBuildPhase section */
		A37F3A781A08D3A200389812 /* Resources */ = {
			isa = PBXResourcesBuildPhase;
			buildActionMask = 2147483647;
			files = (
				A3B978DE1A0B661F00A7F99B /* config.png in Resources */,
				A3B978DA1A0B61BB00A7F99B /* rapiro-big.png in Resources */,
				A3B978D11A0B5CDA00A7F99B /* down.png in Resources */,
				A332A3211A2EFF43006278E1 /* rbl.png in Resources */,
				A3B978D61A0B5F9E00A7F99B /* pause.png in Resources */,
				A3B978D41A0B5CDA00A7F99B /* right.png in Resources */,
				A3B978D81A0B608800A7F99B /* logo-small.png in Resources */,
				A332A3241A2F16DA006278E1 /* Main.storyboard in Resources */,
				A3B978DC1A0B630900A7F99B /* white.png in Resources */,
				A3B978D21A0B5CDA00A7F99B /* forward.png in Resources */,
				A3B978E51A0B6BA700A7F99B /* Localizable.strings in Resources */,
				A37F3A8A1A08D3A200389812 /* LaunchScreen.xib in Resources */,
				A3B978D31A0B5CDA00A7F99B /* left.png in Resources */,
				A37F3A871A08D3A200389812 /* Images.xcassets in Resources */,
			);
			runOnlyForDeploymentPostprocessing = 0;
		};
		A37F3A8D1A08D3A200389812 /* Resources */ = {
			isa = PBXResourcesBuildPhase;
			buildActionMask = 2147483647;
			files = (
			);
			runOnlyForDeploymentPostprocessing = 0;
		};
/* End PBXResourcesBuildPhase section */

/* Begin PBXSourcesBuildPhase section */
		A37F3A761A08D3A200389812 /* Sources */ = {
			isa = PBXSourcesBuildPhase;
			buildActionMask = 2147483647;
			files = (
				A332A31F1A2EFBD3006278E1 /* PilotCell.swift in Sources */,
				A3C026101A319DB900793907 /* RobotDelegate.swift in Sources */,
				A32EAA791A09DDA2008DEECE /* BLE.m in Sources */,
				A37F3A821A08D3A200389812 /* ViewController.swift in Sources */,
				A37F3A801A08D3A200389812 /* AppDelegate.swift in Sources */,
				A332A31D1A2EF8E0006278E1 /* PilotViewController.swift in Sources */,
			);
			runOnlyForDeploymentPostprocessing = 0;
		};
		A37F3A8B1A08D3A200389812 /* Sources */ = {
			isa = PBXSourcesBuildPhase;
			buildActionMask = 2147483647;
			files = (
				A37F3A961A08D3A200389812 /* RapiroTests.swift in Sources */,
			);
			runOnlyForDeploymentPostprocessing = 0;
		};
/* End PBXSourcesBuildPhase section */

/* Begin PBXTargetDependency section */
		A37F3A911A08D3A200389812 /* PBXTargetDependency */ = {
			isa = PBXTargetDependency;
			target = A37F3A791A08D3A200389812 /* Rapiro */;
			targetProxy = A37F3A901A08D3A200389812 /* PBXContainerItemProxy */;
		};
/* End PBXTargetDependency section */

/* Begin PBXVariantGroup section */
		A332A3221A2F16DA006278E1 /* Main.storyboard */ = {
			isa = PBXVariantGroup;
			children = (
				A332A3231A2F16DA006278E1 /* Base */,
			);
			name = Main.storyboard;
			sourceTree = "<group>";
		};
		A37F3A881A08D3A200389812 /* LaunchScreen.xib */ = {
			isa = PBXVariantGroup;
			children = (
				A37F3A891A08D3A200389812 /* Base */,
			);
			name = LaunchScreen.xib;
			sourceTree = "<group>";
		};
		A3B978E71A0B6BA700A7F99B /* Localizable.strings */ = {
			isa = PBXVariantGroup;
			children = (
				A3B978E61A0B6BA700A7F99B /* en */,
				A3B978E81A0B6BA800A7F99B /* zh-Hant */,
				A3B978E91A0B6BA900A7F99B /* ja */,
			);
			name = Localizable.strings;
			sourceTree = "<group>";
		};
/* End PBXVariantGroup section */

/* Begin XCBuildConfiguration section */
		A37F3A971A08D3A200389812 /* Debug */ = {
			isa = XCBuildConfiguration;
			buildSettings = {
				ALWAYS_SEARCH_USER_PATHS = NO;
				CLANG_CXX_LANGUAGE_STANDARD = "gnu++0x";
				CLANG_CXX_LIBRARY = "libc++";
				CLANG_ENABLE_MODULES = YES;
				CLANG_ENABLE_OBJC_ARC = YES;
				CLANG_WARN_BOOL_CONVERSION = YES;
				CLANG_WARN_CONSTANT_CONVERSION = YES;
				CLANG_WARN_DIRECT_OBJC_ISA_USAGE = YES_ERROR;
				CLANG_WARN_EMPTY_BODY = YES;
				CLANG_WARN_ENUM_CONVERSION = YES;
				CLANG_WARN_INT_CONVERSION = YES;
				CLANG_WARN_OBJC_ROOT_CLASS = YES_ERROR;
				CLANG_WARN_UNREACHABLE_CODE = YES;
				CLANG_WARN__DUPLICATE_METHOD_MATCH = YES;
				"CODE_SIGN_IDENTITY[sdk=iphoneos*]" = "iPhone Developer";
				COPY_PHASE_STRIP = NO;
				ENABLE_STRICT_OBJC_MSGSEND = YES;
				GCC_C_LANGUAGE_STANDARD = gnu99;
				GCC_DYNAMIC_NO_PIC = NO;
				GCC_OPTIMIZATION_LEVEL = 0;
				GCC_PREPROCESSOR_DEFINITIONS = (
					"DEBUG=1",
					"$(inherited)",
				);
				GCC_SYMBOLS_PRIVATE_EXTERN = NO;
				GCC_WARN_64_TO_32_BIT_CONVERSION = YES;
				GCC_WARN_ABOUT_RETURN_TYPE = YES_ERROR;
				GCC_WARN_UNDECLARED_SELECTOR = YES;
				GCC_WARN_UNINITIALIZED_AUTOS = YES_AGGRESSIVE;
				GCC_WARN_UNUSED_FUNCTION = YES;
				GCC_WARN_UNUSED_VARIABLE = YES;
				IPHONEOS_DEPLOYMENT_TARGET = 8.1;
				MTL_ENABLE_DEBUG_INFO = YES;
				ONLY_ACTIVE_ARCH = YES;
				SDKROOT = iphoneos;
				SWIFT_OBJC_BRIDGING_HEADER = "Rapiro/BLE-Bridging-Header.h";
				SWIFT_OPTIMIZATION_LEVEL = "-Onone";
				TARGETED_DEVICE_FAMILY = "1,2";
			};
			name = Debug;
		};
		A37F3A981A08D3A200389812 /* Release */ = {
			isa = XCBuildConfiguration;
			buildSettings = {
				ALWAYS_SEARCH_USER_PATHS = NO;
				CLANG_CXX_LANGUAGE_STANDARD = "gnu++0x";
				CLANG_CXX_LIBRARY = "libc++";
				CLANG_ENABLE_MODULES = YES;
				CLANG_ENABLE_OBJC_ARC = YES;
				CLANG_WARN_BOOL_CONVERSION = YES;
				CLANG_WARN_CONSTANT_CONVERSION = YES;
				CLANG_WARN_DIRECT_OBJC_ISA_USAGE = YES_ERROR;
				CLANG_WARN_EMPTY_BODY = YES;
				CLANG_WARN_ENUM_CONVERSION = YES;
				CLANG_WARN_INT_CONVERSION = YES;
				CLANG_WARN_OBJC_ROOT_CLASS = YES_ERROR;
				CLANG_WARN_UNREACHABLE_CODE = YES;
				CLANG_WARN__DUPLICATE_METHOD_MATCH = YES;
				"CODE_SIGN_IDENTITY[sdk=iphoneos*]" = "iPhone Developer";
				COPY_PHASE_STRIP = YES;
				ENABLE_NS_ASSERTIONS = NO;
				ENABLE_STRICT_OBJC_MSGSEND = YES;
				GCC_C_LANGUAGE_STANDARD = gnu99;
				GCC_WARN_64_TO_32_BIT_CONVERSION = YES;
				GCC_WARN_ABOUT_RETURN_TYPE = YES_ERROR;
				GCC_WARN_UNDECLARED_SELECTOR = YES;
				GCC_WARN_UNINITIALIZED_AUTOS = YES_AGGRESSIVE;
				GCC_WARN_UNUSED_FUNCTION = YES;
				GCC_WARN_UNUSED_VARIABLE = YES;
				IPHONEOS_DEPLOYMENT_TARGET = 8.1;
				MTL_ENABLE_DEBUG_INFO = NO;
				SDKROOT = iphoneos;
				SWIFT_OBJC_BRIDGING_HEADER = "Rapiro/BLE-Bridging-Header.h";
				TARGETED_DEVICE_FAMILY = "1,2";
				VALIDATE_PRODUCT = YES;
			};
			name = Release;
		};
		A37F3A9A1A08D3A200389812 /* Debug */ = {
			isa = XCBuildConfiguration;
			buildSettings = {
				ASSETCATALOG_COMPILER_APPICON_NAME = AppIcon;
				INFOPLIST_FILE = Rapiro/Info.plist;
				LD_RUNPATH_SEARCH_PATHS = "$(inherited) @executable_path/Frameworks";
				PRODUCT_NAME = "$(TARGET_NAME)";
				TARGETED_DEVICE_FAMILY = 1;
			};
			name = Debug;
		};
		A37F3A9B1A08D3A200389812 /* Release */ = {
			isa = XCBuildConfiguration;
			buildSettings = {
				ASSETCATALOG_COMPILER_APPICON_NAME = AppIcon;
				INFOPLIST_FILE = Rapiro/Info.plist;
				LD_RUNPATH_SEARCH_PATHS = "$(inherited) @executable_path/Frameworks";
				PRODUCT_NAME = "$(TARGET_NAME)";
				TARGETED_DEVICE_FAMILY = 1;
			};
			name = Release;
		};
		A37F3A9D1A08D3A200389812 /* Debug */ = {
			isa = XCBuildConfiguration;
			buildSettings = {
				BUNDLE_LOADER = "$(TEST_HOST)";
				FRAMEWORK_SEARCH_PATHS = (
					"$(SDKROOT)/Developer/Library/Frameworks",
					"$(inherited)",
				);
				GCC_PREPROCESSOR_DEFINITIONS = (
					"DEBUG=1",
					"$(inherited)",
				);
				INFOPLIST_FILE = RapiroTests/Info.plist;
				LD_RUNPATH_SEARCH_PATHS = "$(inherited) @executable_path/Frameworks @loader_path/Frameworks";
				PRODUCT_NAME = "$(TARGET_NAME)";
				TEST_HOST = "$(BUILT_PRODUCTS_DIR)/Rapiro.app/Rapiro";
			};
			name = Debug;
		};
		A37F3A9E1A08D3A200389812 /* Release */ = {
			isa = XCBuildConfiguration;
			buildSettings = {
				BUNDLE_LOADER = "$(TEST_HOST)";
				FRAMEWORK_SEARCH_PATHS = (
					"$(SDKROOT)/Developer/Library/Frameworks",
					"$(inherited)",
				);
				INFOPLIST_FILE = RapiroTests/Info.plist;
				LD_RUNPATH_SEARCH_PATHS = "$(inherited) @executable_path/Frameworks @loader_path/Frameworks";
				PRODUCT_NAME = "$(TARGET_NAME)";
				TEST_HOST = "$(BUILT_PRODUCTS_DIR)/Rapiro.app/Rapiro";
			};
			name = Release;
		};
/* End XCBuildConfiguration section */

/* Begin XCConfigurationList section */
		A37F3A751A08D3A200389812 /* Build configuration list for PBXProject "Rapiro" */ = {
			isa = XCConfigurationList;
			buildConfigurations = (
				A37F3A971A08D3A200389812 /* Debug */,
				A37F3A981A08D3A200389812 /* Release */,
			);
			defaultConfigurationIsVisible = 0;
			defaultConfigurationName = Release;
		};
		A37F3A991A08D3A200389812 /* Build configuration list for PBXNativeTarget "Rapiro" */ = {
			isa = XCConfigurationList;
			buildConfigurations = (
				A37F3A9A1A08D3A200389812 /* Debug */,
				A37F3A9B1A08D3A200389812 /* Release */,
			);
			defaultConfigurationIsVisible = 0;
			defaultConfigurationName = Release;
		};
		A37F3A9C1A08D3A200389812 /* Build configuration list for PBXNativeTarget "RapiroTests" */ = {
			isa = XCConfigurationList;
			buildConfigurations = (
				A37F3A9D1A08D3A200389812 /* Debug */,
				A37F3A9E1A08D3A200389812 /* Release */,
			);
			defaultConfigurationIsVisible = 0;
			defaultConfigurationName = Release;
		};
/* End XCConfigurationList section */
	};
	rootObject = A37F3A721A08D3A200389812 /* Project object */;
}
